
Microsoft Visual Studio Solution File, Format Version 12.00
# Visual Studio Version 17
VisualStudioVersion = 17.10.35013.160
MinimumVisualStudioVersion = 10.0.40219.1
Project("{FAE04EC0-301F-11D3-BF4B-00C04F79EFBC}") = "product-list-with-cart", "product-list-with-cart\product-list-with-cart.csproj", "{92BAC2CA-6480-4131-87A0-827AAF7465E4}"
EndProject
Global
	GlobalSection(SolutionConfigurationPlatforms) = preSolution
		Debug|Any CPU = Debug|Any CPU
		Release|Any CPU = Release|Any CPU
	EndGlobalSection
	GlobalSection(ProjectConfigurationPlatforms) = postSolution
		{92BAC2CA-6480-4131-87A0-827AAF7465E4}.Debug|Any CPU.ActiveCfg = Debug|Any CPU
		{92BAC2CA-6480-4131-87A0-827AAF7465E4}.Debug|Any CPU.Build.0 = Debug|Any CPU
		{92BAC2CA-6480-4131-87A0-827AAF7465E4}.Release|Any CPU.ActiveCfg = Release|Any CPU
		{92BAC2CA-6480-4131-87A0-827AAF7465E4}.Release|Any CPU.Build.0 = Release|Any CPU
	EndGlobalSection
	GlobalSection(SolutionProperties) = preSolution
		HideSolutionNode = FALSE
	EndGlobalSection
	GlobalSection(ExtensibilityGlobals) = postSolution
		SolutionGuid = {7DEEC08C-B5F0-41D2-B101-D7B1172003FB}
	EndGlobalSection
EndGlobal
